
Microsoft Visual Studio Solution File, Format Version 12.00
# Visual Studio Version 16
VisualStudioVersion = 16.0.29728.190
MinimumVisualStudioVersion = 10.0.40219.1
Project("{FAE04EC0-301F-11D3-BF4B-00C04F79EFBC}") = "NewerSMBW Music Challenge Generator", "NewerSMBW Music Challenge Generator\NewerSMBW Music Challenge Generator.csproj", "{BECABE91-36BF-4813-8AEC-6394F1B7DC48}"
EndProject
Global
	GlobalSection(SolutionConfigurationPlatforms) = preSolution
		Debug|Any CPU = Debug|Any CPU
		Release|Any CPU = Release|Any CPU
	EndGlobalSection
	GlobalSection(ProjectConfigurationPlatforms) = postSolution
		{BECABE91-36BF-4813-8AEC-6394F1B7DC48}.Debug|Any CPU.ActiveCfg = Debug|Any CPU
		{BECABE91-36BF-4813-8AEC-6394F1B7DC48}.Debug|Any CPU.Build.0 = Debug|Any CPU
		{BECABE91-36BF-4813-8AEC-6394F1B7DC48}.Release|Any CPU.ActiveCfg = Release|Any CPU
		{BECABE91-36BF-4813-8AEC-6394F1B7DC48}.Release|Any CPU.Build.0 = Release|Any CPU
	EndGlobalSection
	GlobalSection(SolutionProperties) = preSolution
		HideSolutionNode = FALSE
	EndGlobalSection
	GlobalSection(ExtensibilityGlobals) = postSolution
		SolutionGuid = {7E7EE3F9-B669-4E80-8576-C01F3FE6F232}
	EndGlobalSection
EndGlobal
